{
    "cocur/slugify": {
        "version": "v3.2"
    },
    "friendsofsymfony/user-bundle": {
        "version": "v2.1.2"
    },
    "knplabs/knp-menu": {
        "version": "2.6.0"
    },
    "knplabs/knp-menu-bundle": {
        "version": "v2.3.0"
    },
    "php": {
        "version": "7.4"
    },
    "sonata-project/admin-bundle": {
        "version": "3.31",
        "recipe": {
            "repo": "github.com/symfony/recipes-contrib",
            "branch": "master",
            "version": "3.31",
            "ref": "0e5931df1732e3dccfba42a20853049e5e9db6ae"
        },
        "files": [
            "config/packages/sonata_admin.yaml",
            "config/routes/sonata_admin.yaml",
            "src/Admin/.gitignore"
        ]
    },
    "sonata-project/block-bundle": {
        "version": "3.18.2"
    },
    "sonata-project/cache": {
        "version": "2.0.1"
    },
    "sonata-project/core-bundle": {
        "version": "3.9",
        "recipe": {
            "repo": "github.com/symfony/recipes-contrib",
            "branch": "master",
            "version": "3.9",
            "ref": "2f69bd1995730b73a5211a9707622fb25a925df7"
        },
        "files": [
            "config/packages/sonata_core.yaml"
        ]
    },
    "sonata-project/datagrid-bundle": {
        "version": "2.5.0"
    },
    "sonata-project/doctrine-extensions": {
        "version": "1.5.1"
    },
    "sonata-project/doctrine-orm-admin-bundle": {
        "version": "3.12.0"
    },
    "sonata-project/easy-extends-bundle": {
        "version": "2.5.0"
    },
    "sonata-project/exporter": {
        "version": "2.0.1"
    },
    "sonata-project/translation-bundle": {
        "version": "2.3",
        "recipe": {
            "repo": "github.com/symfony/recipes-contrib",
            "branch": "master",
            "version": "2.3",
            "ref": "65f0e544ca19d262268e1f1ce2b4cbbe459a4a97"
        },
        "files": [
            "config/packages/sonata_translation.yaml"
        ]
    },
    "sonata-project/user-bundle": {
        "version": "4.5.1"
    },
    "swiftmailer/swiftmailer": {
        "version": "v6.2.3"
    },
    "symfony/security-acl": {
        "version": "v3.0.4"
    },
    "symfony/templating": {
        "version": "v4.4.2"
    },
    "twig/extensions": {
        "version": "1.0",
        "recipe": {
            "repo": "github.com/symfony/recipes",
            "branch": "master",
            "version": "1.0",
            "ref": "a86723ee8d8b2f9437c8ce60a5546a1c267da5ed"
        },
        "files": [
            "config/packages/twig_extensions.yaml"
        ]
    }
}
